// !$*UTF8*$!
{
	archiveVersion = 1;
	classes = {
	};
	objectVersion = 50;
	objects = {

/* Begin PBXBuildFile section */
		145AE3B6257ADF7500039DCB /* GameOfLifeView.swift in Sources */ = {isa = PBXBuildFile; fileRef = 145AE3B5257ADF7500039DCB /* GameOfLifeView.swift */; };
		1470474E256FA6F400CBE075 /* LifeApp.swift in Sources */ = {isa = PBXBuildFile; fileRef = 1470474D256FA6F400CBE075 /* LifeApp.swift */; };
		14704752256FA6F700CBE075 /* Assets.xcassets in Resources */ = {isa = PBXBuildFile; fileRef = 14704751256FA6F700CBE075 /* Assets.xcassets */; };
		14704755256FA6F700CBE075 /* Preview Assets.xcassets in Resources */ = {isa = PBXBuildFile; fileRef = 14704754256FA6F700CBE075 /* Preview Assets.xcassets */; };
		14704760256FA6F800CBE075 /* LifeTests.swift in Sources */ = {isa = PBXBuildFile; fileRef = 1470475F256FA6F800CBE075 /* LifeTests.swift */; };
		1470476B256FA6F800CBE075 /* LifeUITests.swift in Sources */ = {isa = PBXBuildFile; fileRef = 1470476A256FA6F800CBE075 /* LifeUITests.swift */; };
		1470477F25727F6900CBE075 /* Util.swift in Sources */ = {isa = PBXBuildFile; fileRef = 1470477E25727F6900CBE075 /* Util.swift */; };
		14ED660925738DB700FFBBCB /* GameOfLife.swift in Sources */ = {isa = PBXBuildFile; fileRef = 14ED660825738DB700FFBBCB /* GameOfLife.swift */; };
		14ED661725738E8D00FFBBCB /* ContentView.swift in Sources */ = {isa = PBXBuildFile; fileRef = 14ED661625738E8C00FFBBCB /* ContentView.swift */; };
		14ED66562574503800FFBBCB /* GameOfLifeViewModel.swift in Sources */ = {isa = PBXBuildFile; fileRef = 14ED66552574503800FFBBCB /* GameOfLifeViewModel.swift */; };
/* End PBXBuildFile section */

/* Begin PBXContainerItemProxy section */
		1470475C256FA6F800CBE075 /* PBXContainerItemProxy */ = {
			isa = PBXContainerItemProxy;
			containerPortal = 14704742256FA6F300CBE075 /* Project object */;
			proxyType = 1;
			remoteGlobalIDString = 14704749256FA6F400CBE075;
			remoteInfo = Life;
		};
		14704767256FA6F800CBE075 /* PBXContainerItemProxy */ = {
			isa = PBXContainerItemProxy;
			containerPortal = 14704742256FA6F300CBE075 /* Project object */;
			proxyType = 1;
			remoteGlobalIDString = 14704749256FA6F400CBE075;
			remoteInfo = Life;
		};
/* End PBXContainerItemProxy section */

/* Begin PBXFileReference section */
		145AE3B5257ADF7500039DCB /* GameOfLifeView.swift */ = {isa = PBXFileReference; lastKnownFileType = sourcecode.swift; path = GameOfLifeView.swift; sourceTree = "<group>"; };
		1470474A256FA6F400CBE075 /* Life.app */ = {isa = PBXFileReference; explicitFileType = wrapper.application; includeInIndex = 0; path = Life.app; sourceTree = BUILT_PRODUCTS_DIR; };
		1470474D256FA6F400CBE075 /* LifeApp.swift */ = {isa = PBXFileReference; lastKnownFileType = sourcecode.swift; path = LifeApp.swift; sourceTree = "<group>"; };
		14704751256FA6F700CBE075 /* Assets.xcassets */ = {isa = PBXFileReference; lastKnownFileType = folder.assetcatalog; path = Assets.xcassets; sourceTree = "<group>"; };
		14704754256FA6F700CBE075 /* Preview Assets.xcassets */ = {isa = PBXFileReference; lastKnownFileType = folder.assetcatalog; path = "Preview Assets.xcassets"; sourceTree = "<group>"; };
		14704756256FA6F700CBE075 /* Info.plist */ = {isa = PBXFileReference; lastKnownFileType = text.plist.xml; path = Info.plist; sourceTree = "<group>"; };
		1470475B256FA6F800CBE075 /* LifeTests.xctest */ = {isa = PBXFileReference; explicitFileType = wrapper.cfbundle; includeInIndex = 0; path = LifeTests.xctest; sourceTree = BUILT_PRODUCTS_DIR; };
		1470475F256FA6F800CBE075 /* LifeTests.swift */ = {isa = PBXFileReference; lastKnownFileType = sourcecode.swift; path = LifeTests.swift; sourceTree = "<group>"; };
		14704761256FA6F800CBE075 /* Info.plist */ = {isa = PBXFileReference; lastKnownFileType = text.plist.xml; path = Info.plist; sourceTree = "<group>"; };
		14704766256FA6F800CBE075 /* LifeUITests.xctest */ = {isa = PBXFileReference; explicitFileType = wrapper.cfbundle; includeInIndex = 0; path = LifeUITests.xctest; sourceTree = BUILT_PRODUCTS_DIR; };
		1470476A256FA6F800CBE075 /* LifeUITests.swift */ = {isa = PBXFileReference; lastKnownFileType = sourcecode.swift; path = LifeUITests.swift; sourceTree = "<group>"; };
		1470476C256FA6F800CBE075 /* Info.plist */ = {isa = PBXFileReference; lastKnownFileType = text.plist.xml; path = Info.plist; sourceTree = "<group>"; };
		1470477E25727F6900CBE075 /* Util.swift */ = {isa = PBXFileReference; lastKnownFileType = sourcecode.swift; path = Util.swift; sourceTree = "<group>"; };
		14ED660825738DB700FFBBCB /* GameOfLife.swift */ = {isa = PBXFileReference; lastKnownFileType = sourcecode.swift; path = GameOfLife.swift; sourceTree = "<group>"; };
		14ED661625738E8C00FFBBCB /* ContentView.swift */ = {isa = PBXFileReference; fileEncoding = 4; lastKnownFileType = sourcecode.swift; path = ContentView.swift; sourceTree = "<group>"; };
		14ED66552574503800FFBBCB /* GameOfLifeViewModel.swift */ = {isa = PBXFileReference; lastKnownFileType = sourcecode.swift; path = GameOfLifeViewModel.swift; sourceTree = "<group>"; };
/* End PBXFileReference section */

/* Begin PBXFrameworksBuildPhase section */
		14704747256FA6F400CBE075 /* Frameworks */ = {
			isa = PBXFrameworksBuildPhase;
			buildActionMask = 2147483647;
			files = (
			);
			runOnlyForDeploymentPostprocessing = 0;
		};
		14704758256FA6F800CBE075 /* Frameworks */ = {
			isa = PBXFrameworksBuildPhase;
			buildActionMask = 2147483647;
			files = (
			);
			runOnlyForDeploymentPostprocessing = 0;
		};
		14704763256FA6F800CBE075 /* Frameworks */ = {
			isa = PBXFrameworksBuildPhase;
			buildActionMask = 2147483647;
			files = (
			);
			runOnlyForDeploymentPostprocessing = 0;
		};
/* End PBXFrameworksBuildPhase section */

/* Begin PBXGroup section */
		14704741256FA6F300CBE075 = {
			isa = PBXGroup;
			children = (
				1470474C256FA6F400CBE075 /* Life */,
				1470475E256FA6F800CBE075 /* LifeTests */,
				14704769256FA6F800CBE075 /* LifeUITests */,
				1470474B256FA6F400CBE075 /* Products */,
			);
			sourceTree = "<group>";
		};
		1470474B256FA6F400CBE075 /* Products */ = {
			isa = PBXGroup;
			children = (
				1470474A256FA6F400CBE075 /* Life.app */,
				1470475B256FA6F800CBE075 /* LifeTests.xctest */,
				14704766256FA6F800CBE075 /* LifeUITests.xctest */,
			);
			name = Products;
			sourceTree = "<group>";
		};
		1470474C256FA6F400CBE075 /* Life */ = {
			isa = PBXGroup;
			children = (
				1470474D256FA6F400CBE075 /* LifeApp.swift */,
				14ED661625738E8C00FFBBCB /* ContentView.swift */,
				145AE3B5257ADF7500039DCB /* GameOfLifeView.swift */,
				14ED66552574503800FFBBCB /* GameOfLifeViewModel.swift */,
				14ED660825738DB700FFBBCB /* GameOfLife.swift */,
				1470477E25727F6900CBE075 /* Util.swift */,
				14704751256FA6F700CBE075 /* Assets.xcassets */,
				14704756256FA6F700CBE075 /* Info.plist */,
				14704753256FA6F700CBE075 /* Preview Content */,
			);
			path = Life;
			sourceTree = "<group>";
		};
		14704753256FA6F700CBE075 /* Preview Content */ = {
			isa = PBXGroup;
			children = (
				14704754256FA6F700CBE075 /* Preview Assets.xcassets */,
			);
			path = "Preview Content";
			sourceTree = "<group>";
		};
		1470475E256FA6F800CBE075 /* LifeTests */ = {
			isa = PBXGroup;
			children = (
				1470475F256FA6F800CBE075 /* LifeTests.swift */,
				14704761256FA6F800CBE075 /* Info.plist */,
			);
			path = LifeTests;
			sourceTree = "<group>";
		};
		14704769256FA6F800CBE075 /* LifeUITests */ = {
			isa = PBXGroup;
			children = (
				1470476A256FA6F800CBE075 /* LifeUITests.swift */,
				1470476C256FA6F800CBE075 /* Info.plist */,
			);
			path = LifeUITests;
			sourceTree = "<group>";
		};
/* End PBXGroup section */

/* Begin PBXNativeTarget section */
		14704749256FA6F400CBE075 /* Life */ = {
			isa = PBXNativeTarget;
			buildConfigurationList = 1470476F256FA6F800CBE075 /* Build configuration list for PBXNativeTarget "Life" */;
			buildPhases = (
				14704746256FA6F400CBE075 /* Sources */,
				14704747256FA6F400CBE075 /* Frameworks */,
				14704748256FA6F400CBE075 /* Resources */,
			);
			buildRules = (
			);
			dependencies = (
			);
			name = Life;
			productName = Life;
			productReference = 1470474A256FA6F400CBE075 /* Life.app */;
			productType = "com.apple.product-type.application";
		};
		1470475A256FA6F800CBE075 /* LifeTests */ = {
			isa = PBXNativeTarget;
			buildConfigurationList = 14704772256FA6F800CBE075 /* Build configuration list for PBXNativeTarget "LifeTests" */;
			buildPhases = (
				14704757256FA6F800CBE075 /* Sources */,
				14704758256FA6F800CBE075 /* Frameworks */,
				14704759256FA6F800CBE075 /* Resources */,
			);
			buildRules = (
			);
			dependencies = (
				1470475D256FA6F800CBE075 /* PBXTargetDependency */,
			);
			name = LifeTests;
			productName = LifeTests;
			productReference = 1470475B256FA6F800CBE075 /* LifeTests.xctest */;
			productType = "com.apple.product-type.bundle.unit-test";
		};
		14704765256FA6F800CBE075 /* LifeUITests */ = {
			isa = PBXNativeTarget;
			buildConfigurationList = 14704775256FA6F800CBE075 /* Build configuration list for PBXNativeTarget "LifeUITests" */;
			buildPhases = (
				14704762256FA6F800CBE075 /* Sources */,
				14704763256FA6F800CBE075 /* Frameworks */,
				14704764256FA6F800CBE075 /* Resources */,
			);
			buildRules = (
			);
			dependencies = (
				14704768256FA6F800CBE075 /* PBXTargetDependency */,
			);
			name = LifeUITests;
			productName = LifeUITests;
			productReference = 14704766256FA6F800CBE075 /* LifeUITests.xctest */;
			productType = "com.apple.product-type.bundle.ui-testing";
		};
/* End PBXNativeTarget section */

/* Begin PBXProject section */
		14704742256FA6F300CBE075 /* Project object */ = {
			isa = PBXProject;
			attributes = {
				LastSwiftUpdateCheck = 1200;
				LastUpgradeCheck = 1200;
				TargetAttributes = {
					14704749256FA6F400CBE075 = {
						CreatedOnToolsVersion = 12.0.1;
					};
					1470475A256FA6F800CBE075 = {
						CreatedOnToolsVersion = 12.0.1;
						TestTargetID = 14704749256FA6F400CBE075;
					};
					14704765256FA6F800CBE075 = {
						CreatedOnToolsVersion = 12.0.1;
						TestTargetID = 14704749256FA6F400CBE075;
					};
				};
			};
			buildConfigurationList = 14704745256FA6F400CBE075 /* Build configuration list for PBXProject "Life" */;
			compatibilityVersion = "Xcode 9.3";
			developmentRegion = en;
			hasScannedForEncodings = 0;
			knownRegions = (
				en,
				Base,
			);
			mainGroup = 14704741256FA6F300CBE075;
			productRefGroup = 1470474B256FA6F400CBE075 /* Products */;
			projectDirPath = "";
			projectRoot = "";
			targets = (
				14704749256FA6F400CBE075 /* Life */,
				1470475A256FA6F800CBE075 /* LifeTests */,
				14704765256FA6F800CBE075 /* LifeUITests */,
			);
		};
/* End PBXProject section */

/* Begin PBXResourcesBuildPhase section */
		14704748256FA6F400CBE075 /* Resources */ = {
			isa = PBXResourcesBuildPhase;
			buildActionMask = 2147483647;
			files = (
				14704755256FA6F700CBE075 /* Preview Assets.xcassets in Resources */,
				14704752256FA6F700CBE075 /* Assets.xcassets in Resources */,
			);
			runOnlyForDeploymentPostprocessing = 0;
		};
		14704759256FA6F800CBE075 /* Resources */ = {
			isa = PBXResourcesBuildPhase;
			buildActionMask = 2147483647;
			files = (
			);
			runOnlyForDeploymentPostprocessing = 0;
		};
		14704764256FA6F800CBE075 /* Resources */ = {
			isa = PBXResourcesBuildPhase;
			buildActionMask = 2147483647;
			files = (
			);
			runOnlyForDeploymentPostprocessing = 0;
		};
/* End PBXResourcesBuildPhase section */

/* Begin PBXSourcesBuildPhase section */
		14704746256FA6F400CBE075 /* Sources */ = {
			isa = PBXSourcesBuildPhase;
			buildActionMask = 2147483647;
			files = (
				14ED66562574503800FFBBCB /* GameOfLifeViewModel.swift in Sources */,
				14ED661725738E8D00FFBBCB /* ContentView.swift in Sources */,
				1470477F25727F6900CBE075 /* Util.swift in Sources */,
				14ED660925738DB700FFBBCB /* GameOfLife.swift in Sources */,
				1470474E256FA6F400CBE075 /* LifeApp.swift in Sources */,
				145AE3B6257ADF7500039DCB /* GameOfLifeView.swift in Sources */,
			);
			runOnlyForDeploymentPostprocessing = 0;
		};
		14704757256FA6F800CBE075 /* Sources */ = {
			isa = PBXSourcesBuildPhase;
			buildActionMask = 2147483647;
			files = (
				14704760256FA6F800CBE075 /* LifeTests.swift in Sources */,
			);
			runOnlyForDeploymentPostprocessing = 0;
		};
		14704762256FA6F800CBE075 /* Sources */ = {
			isa = PBXSourcesBuildPhase;
			buildActionMask = 2147483647;
			files = (
				1470476B256FA6F800CBE075 /* LifeUITests.swift in Sources */,
			);
			runOnlyForDeploymentPostprocessing = 0;
		};
/* End PBXSourcesBuildPhase section */

/* Begin PBXTargetDependency section */
		1470475D256FA6F800CBE075 /* PBXTargetDependency */ = {
			isa = PBXTargetDependency;
			target = 14704749256FA6F400CBE075 /* Life */;
			targetProxy = 1470475C256FA6F800CBE075 /* PBXContainerItemProxy */;
		};
		14704768256FA6F800CBE075 /* PBXTargetDependency */ = {
			isa = PBXTargetDependency;
			target = 14704749256FA6F400CBE075 /* Life */;
			targetProxy = 14704767256FA6F800CBE075 /* PBXContainerItemProxy */;
		};
/* End PBXTargetDependency section */

/* Begin XCBuildConfiguration section */
		1470476D256FA6F800CBE075 /* Debug */ = {
			isa = XCBuildConfiguration;
			buildSettings = {
				ALWAYS_SEARCH_USER_PATHS = NO;
				CLANG_ANALYZER_NONNULL = YES;
				CLANG_ANALYZER_NUMBER_OBJECT_CONVERSION = YES_AGGRESSIVE;
				CLANG_CXX_LANGUAGE_STANDARD = "gnu++14";
				CLANG_CXX_LIBRARY = "libc++";
				CLANG_ENABLE_MODULES = YES;
				CLANG_ENABLE_OBJC_ARC = YES;
				CLANG_ENABLE_OBJC_WEAK = YES;
				CLANG_WARN_BLOCK_CAPTURE_AUTORELEASING = YES;
				CLANG_WARN_BOOL_CONVERSION = YES;
				CLANG_WARN_COMMA = YES;
				CLANG_WARN_CONSTANT_CONVERSION = YES;
				CLANG_WARN_DEPRECATED_OBJC_IMPLEMENTATIONS = YES;
				CLANG_WARN_DIRECT_OBJC_ISA_USAGE = YES_ERROR;
				CLANG_WARN_DOCUMENTATION_COMMENTS = YES;
				CLANG_WARN_EMPTY_BODY = YES;
				CLANG_WARN_ENUM_CONVERSION = YES;
				CLANG_WARN_INFINITE_RECURSION = YES;
				CLANG_WARN_INT_CONVERSION = YES;
				CLANG_WARN_NON_LITERAL_NULL_CONVERSION = YES;
				CLANG_WARN_OBJC_IMPLICIT_RETAIN_SELF = YES;
				CLANG_WARN_OBJC_LITERAL_CONVERSION = YES;
				CLANG_WARN_OBJC_ROOT_CLASS = YES_ERROR;
				CLANG_WARN_QUOTED_INCLUDE_IN_FRAMEWORK_HEADER = YES;
				CLANG_WARN_RANGE_LOOP_ANALYSIS = YES;
				CLANG_WARN_STRICT_PROTOTYPES = YES;
				CLANG_WARN_SUSPICIOUS_MOVE = YES;
				CLANG_WARN_UNGUARDED_AVAILABILITY = YES_AGGRESSIVE;
				CLANG_WARN_UNREACHABLE_CODE = YES;
				CLANG_WARN__DUPLICATE_METHOD_MATCH = YES;
				COPY_PHASE_STRIP = NO;
				DEBUG_INFORMATION_FORMAT = dwarf;
				ENABLE_STRICT_OBJC_MSGSEND = YES;
				ENABLE_TESTABILITY = YES;
				GCC_C_LANGUAGE_STANDARD = gnu11;
				GCC_DYNAMIC_NO_PIC = NO;
				GCC_NO_COMMON_BLOCKS = YES;
				GCC_OPTIMIZATION_LEVEL = 0;
				GCC_PREPROCESSOR_DEFINITIONS = (
					"DEBUG=1",
					"$(inherited)",
				);
				GCC_WARN_64_TO_32_BIT_CONVERSION = YES;
				GCC_WARN_ABOUT_RETURN_TYPE = YES_ERROR;
				GCC_WARN_UNDECLARED_SELECTOR = YES;
				GCC_WARN_UNINITIALIZED_AUTOS = YES_AGGRESSIVE;
				GCC_WARN_UNUSED_FUNCTION = YES;
				GCC_WARN_UNUSED_VARIABLE = YES;
				IPHONEOS_DEPLOYMENT_TARGET = 14.0;
				MTL_ENABLE_DEBUG_INFO = INCLUDE_SOURCE;
				MTL_FAST_MATH = YES;
				ONLY_ACTIVE_ARCH = YES;
				SDKROOT = iphoneos;
				SWIFT_ACTIVE_COMPILATION_CONDITIONS = DEBUG;
				SWIFT_OPTIMIZATION_LEVEL = "-Onone";
			};
			name = Debug;
		};
		1470476E256FA6F800CBE075 /* Release */ = {
			isa = XCBuildConfiguration;
			buildSettings = {
				ALWAYS_SEARCH_USER_PATHS = NO;
				CLANG_ANALYZER_NONNULL = YES;
				CLANG_ANALYZER_NUMBER_OBJECT_CONVERSION = YES_AGGRESSIVE;
				CLANG_CXX_LANGUAGE_STANDARD = "gnu++14";
				CLANG_CXX_LIBRARY = "libc++";
				CLANG_ENABLE_MODULES = YES;
				CLANG_ENABLE_OBJC_ARC = YES;
				CLANG_ENABLE_OBJC_WEAK = YES;
				CLANG_WARN_BLOCK_CAPTURE_AUTORELEASING = YES;
				CLANG_WARN_BOOL_CONVERSION = YES;
				CLANG_WARN_COMMA = YES;
				CLANG_WARN_CONSTANT_CONVERSION = YES;
				CLANG_WARN_DEPRECATED_OBJC_IMPLEMENTATIONS = YES;
				CLANG_WARN_DIRECT_OBJC_ISA_USAGE = YES_ERROR;
				CLANG_WARN_DOCUMENTATION_COMMENTS = YES;
				CLANG_WARN_EMPTY_BODY = YES;
				CLANG_WARN_ENUM_CONVERSION = YES;
				CLANG_WARN_INFINITE_RECURSION = YES;
				CLANG_WARN_INT_CONVERSION = YES;
				CLANG_WARN_NON_LITERAL_NULL_CONVERSION = YES;
				CLANG_WARN_OBJC_IMPLICIT_RETAIN_SELF = YES;
				CLANG_WARN_OBJC_LITERAL_CONVERSION = YES;
				CLANG_WARN_OBJC_ROOT_CLASS = YES_ERROR;
				CLANG_WARN_QUOTED_INCLUDE_IN_FRAMEWORK_HEADER = YES;
				CLANG_WARN_RANGE_LOOP_ANALYSIS = YES;
				CLANG_WARN_STRICT_PROTOTYPES = YES;
				CLANG_WARN_SUSPICIOUS_MOVE = YES;
				CLANG_WARN_UNGUARDED_AVAILABILITY = YES_AGGRESSIVE;
				CLANG_WARN_UNREACHABLE_CODE = YES;
				CLANG_WARN__DUPLICATE_METHOD_MATCH = YES;
				COPY_PHASE_STRIP = NO;
				DEBUG_INFORMATION_FORMAT = "dwarf-with-dsym";
				ENABLE_NS_ASSERTIONS = NO;
				ENABLE_STRICT_OBJC_MSGSEND = YES;
				GCC_C_LANGUAGE_STANDARD = gnu11;
				GCC_NO_COMMON_BLOCKS = YES;
				GCC_WARN_64_TO_32_BIT_CONVERSION = YES;
				GCC_WARN_ABOUT_RETURN_TYPE = YES_ERROR;
				GCC_WARN_UNDECLARED_SELECTOR = YES;
				GCC_WARN_UNINITIALIZED_AUTOS = YES_AGGRESSIVE;
				GCC_WARN_UNUSED_FUNCTION = YES;
				GCC_WARN_UNUSED_VARIABLE = YES;
				IPHONEOS_DEPLOYMENT_TARGET = 14.0;
				MTL_ENABLE_DEBUG_INFO = NO;
				MTL_FAST_MATH = YES;
				SDKROOT = iphoneos;
				SWIFT_COMPILATION_MODE = wholemodule;
				SWIFT_OPTIMIZATION_LEVEL = "-O";
				VALIDATE_PRODUCT = YES;
			};
			name = Release;
		};
		14704770256FA6F800CBE075 /* Debug */ = {
			isa = XCBuildConfiguration;
			buildSettings = {
				ASSETCATALOG_COMPILER_APPICON_NAME = AppIcon;
				ASSETCATALOG_COMPILER_GLOBAL_ACCENT_COLOR_NAME = AccentColor;
				CODE_SIGN_STYLE = Automatic;
				DEVELOPMENT_ASSET_PATHS = "\"Life/Preview Content\"";
				DEVELOPMENT_TEAM = NC55XYQH45;
				ENABLE_PREVIEWS = YES;
				INFOPLIST_FILE = Life/Info.plist;
				IPHONEOS_DEPLOYMENT_TARGET = 14.0;
				LD_RUNPATH_SEARCH_PATHS = (
					"$(inherited)",
					"@executable_path/Frameworks",
				);
				PRODUCT_BUNDLE_IDENTIFIER = de.antfarm.de.Life;
				PRODUCT_NAME = "$(TARGET_NAME)";
				SWIFT_VERSION = 5.0;
				TARGETED_DEVICE_FAMILY = "1,2";
			};
			name = Debug;
		};
		14704771256FA6F800CBE075 /* Release */ = {
			isa = XCBuildConfiguration;
			buildSettings = {
				ASSETCATALOG_COMPILER_APPICON_NAME = AppIcon;
				ASSETCATALOG_COMPILER_GLOBAL_ACCENT_COLOR_NAME = AccentColor;
				CODE_SIGN_STYLE = Automatic;
				DEVELOPMENT_ASSET_PATHS = "\"Life/Preview Content\"";
				DEVELOPMENT_TEAM = NC55XYQH45;
				ENABLE_PREVIEWS = YES;
				INFOPLIST_FILE = Life/Info.plist;
				IPHONEOS_DEPLOYMENT_TARGET = 14.0;
				LD_RUNPATH_SEARCH_PATHS = (
					"$(inherited)",
					"@executable_path/Frameworks",
				);
				PRODUCT_BUNDLE_IDENTIFIER = de.antfarm.de.Life;
				PRODUCT_NAME = "$(TARGET_NAME)";
				SWIFT_VERSION = 5.0;
				TARGETED_DEVICE_FAMILY = "1,2";
			};
			name = Release;
		};
		14704773256FA6F800CBE075 /* Debug */ = {
			isa = XCBuildConfiguration;
			buildSettings = {
				ALWAYS_EMBED_SWIFT_STANDARD_LIBRARIES = YES;
				BUNDLE_LOADER = "$(TEST_HOST)";
				CODE_SIGN_STYLE = Automatic;
				DEVELOPMENT_TEAM = NC55XYQH45;
				INFOPLIST_FILE = LifeTests/Info.plist;
				IPHONEOS_DEPLOYMENT_TARGET = 14.0;
				LD_RUNPATH_SEARCH_PATHS = (
					"$(inherited)",
					"@executable_path/Frameworks",
					"@loader_path/Frameworks",
				);
				PRODUCT_BUNDLE_IDENTIFIER = de.antfarm.de.LifeTests;
				PRODUCT_NAME = "$(TARGET_NAME)";
				SWIFT_VERSION = 5.0;
				TARGETED_DEVICE_FAMILY = "1,2";
				TEST_HOST = "$(BUILT_PRODUCTS_DIR)/Life.app/Life";
			};
			name = Debug;
		};
		14704774256FA6F800CBE075 /* Release */ = {
			isa = XCBuildConfiguration;
			buildSettings = {
				ALWAYS_EMBED_SWIFT_STANDARD_LIBRARIES = YES;
				BUNDLE_LOADER = "$(TEST_HOST)";
				CODE_SIGN_STYLE = Automatic;
				DEVELOPMENT_TEAM = NC55XYQH45;
				INFOPLIST_FILE = LifeTests/Info.plist;
				IPHONEOS_DEPLOYMENT_TARGET = 14.0;
				LD_RUNPATH_SEARCH_PATHS = (
					"$(inherited)",
					"@executable_path/Frameworks",
					"@loader_path/Frameworks",
				);
				PRODUCT_BUNDLE_IDENTIFIER = de.antfarm.de.LifeTests;
				PRODUCT_NAME = "$(TARGET_NAME)";
				SWIFT_VERSION = 5.0;
				TARGETED_DEVICE_FAMILY = "1,2";
				TEST_HOST = "$(BUILT_PRODUCTS_DIR)/Life.app/Life";
			};
			name = Release;
		};
		14704776256FA6F800CBE075 /* Debug */ = {
			isa = XCBuildConfiguration;
			buildSettings = {
				ALWAYS_EMBED_SWIFT_STANDARD_LIBRARIES = YES;
				CODE_SIGN_STYLE = Automatic;
				DEVELOPMENT_TEAM = NC55XYQH45;
				INFOPLIST_FILE = LifeUITests/Info.plist;
				LD_RUNPATH_SEARCH_PATHS = (
					"$(inherited)",
					"@executable_path/Frameworks",
					"@loader_path/Frameworks",
				);
				PRODUCT_BUNDLE_IDENTIFIER = de.antfarm.de.LifeUITests;
				PRODUCT_NAME = "$(TARGET_NAME)";
				SWIFT_VERSION = 5.0;
				TARGETED_DEVICE_FAMILY = "1,2";
				TEST_TARGET_NAME = Life;
			};
			name = Debug;
		};
		14704777256FA6F800CBE075 /* Release */ = {
			isa = XCBuildConfiguration;
			buildSettings = {
				ALWAYS_EMBED_SWIFT_STANDARD_LIBRARIES = YES;
				CODE_SIGN_STYLE = Automatic;
				DEVELOPMENT_TEAM = NC55XYQH45;
				INFOPLIST_FILE = LifeUITests/Info.plist;
				LD_RUNPATH_SEARCH_PATHS = (
					"$(inherited)",
					"@executable_path/Frameworks",
					"@loader_path/Frameworks",
				);
				PRODUCT_BUNDLE_IDENTIFIER = de.antfarm.de.LifeUITests;
				PRODUCT_NAME = "$(TARGET_NAME)";
				SWIFT_VERSION = 5.0;
				TARGETED_DEVICE_FAMILY = "1,2";
				TEST_TARGET_NAME = Life;
			};
			name = Release;
		};
/* End XCBuildConfiguration section */

/* Begin XCConfigurationList section */
		14704745256FA6F400CBE075 /* Build configuration list for PBXProject "Life" */ = {
			isa = XCConfigurationList;
			buildConfigurations = (
				1470476D256FA6F800CBE075 /* Debug */,
				1470476E256FA6F800CBE075 /* Release */,
			);
			defaultConfigurationIsVisible = 0;
			defaultConfigurationName = Release;
		};
		1470476F256FA6F800CBE075 /* Build configuration list for PBXNativeTarget "Life" */ = {
			isa = XCConfigurationList;
			buildConfigurations = (
				14704770256FA6F800CBE075 /* Debug */,
				14704771256FA6F800CBE075 /* Release */,
			);
			defaultConfigurationIsVisible = 0;
			defaultConfigurationName = Release;
		};
		14704772256FA6F800CBE075 /* Build configuration list for PBXNativeTarget "LifeTests" */ = {
			isa = XCConfigurationList;
			buildConfigurations = (
				14704773256FA6F800CBE075 /* Debug */,
				14704774256FA6F800CBE075 /* Release */,
			);
			defaultConfigurationIsVisible = 0;
			defaultConfigurationName = Release;
		};
		14704775256FA6F800CBE075 /* Build configuration list for PBXNativeTarget "LifeUITests" */ = {
			isa = XCConfigurationList;
			buildConfigurations = (
				14704776256FA6F800CBE075 /* Debug */,
				14704777256FA6F800CBE075 /* Release */,
			);
			defaultConfigurationIsVisible = 0;
			defaultConfigurationName = Release;
		};
/* End XCConfigurationList section */
	};
	rootObject = 14704742256FA6F300CBE075 /* Project object */;
}
